// !$*UTF8*$!
{
	archiveVersion = 1;
	classes = {
	};
	objectVersion = 55;
	objects = {

/* Begin PBXBuildFile section */
		240DAF6A28613265007A93CB /* MainCollectionViewCell.swift in Sources */ = {isa = PBXBuildFile; fileRef = 240DAF6828613265007A93CB /* MainCollectionViewCell.swift */; };
		240DAF6B28613265007A93CB /* MainCollectionViewCell.xib in Resources */ = {isa = PBXBuildFile; fileRef = 240DAF6928613265007A93CB /* MainCollectionViewCell.xib */; };
		240DAF6D2861424F007A93CB /* Url.swift in Sources */ = {isa = PBXBuildFile; fileRef = 240DAF6C2861424F007A93CB /* Url.swift */; };
		240DAF6F28614298007A93CB /* Thumbnail.swift in Sources */ = {isa = PBXBuildFile; fileRef = 240DAF6E28614298007A93CB /* Thumbnail.swift */; };
		240DAF7128614305007A93CB /* Comics.swift in Sources */ = {isa = PBXBuildFile; fileRef = 240DAF7028614305007A93CB /* Comics.swift */; };
		240DAF732861431E007A93CB /* Items.swift in Sources */ = {isa = PBXBuildFile; fileRef = 240DAF722861431E007A93CB /* Items.swift */; };
		240DAF7528614344007A93CB /* Stories.swift in Sources */ = {isa = PBXBuildFile; fileRef = 240DAF7428614344007A93CB /* Stories.swift */; };
		240DAF7728614369007A93CB /* Events.swift in Sources */ = {isa = PBXBuildFile; fileRef = 240DAF7628614369007A93CB /* Events.swift */; };
		240DAF7928614457007A93CB /* Series.swift in Sources */ = {isa = PBXBuildFile; fileRef = 240DAF7828614457007A93CB /* Series.swift */; };
		240DAF7C2861492F007A93CB /* ApiDataLoader.swift in Sources */ = {isa = PBXBuildFile; fileRef = 240DAF7B2861492F007A93CB /* ApiDataLoader.swift */; };
		240DAF7E28614940007A93CB /* ApiLoadMapper.swift in Sources */ = {isa = PBXBuildFile; fileRef = 240DAF7D28614940007A93CB /* ApiLoadMapper.swift */; };
		240DAF802861494E007A93CB /* ApiLoadRepository.swift in Sources */ = {isa = PBXBuildFile; fileRef = 240DAF7F2861494E007A93CB /* ApiLoadRepository.swift */; };
		240DAF822861495D007A93CB /* ApiManager.swift in Sources */ = {isa = PBXBuildFile; fileRef = 240DAF812861495D007A93CB /* ApiManager.swift */; };
		240DAF842861496F007A93CB /* ApiRouter.swift in Sources */ = {isa = PBXBuildFile; fileRef = 240DAF832861496F007A93CB /* ApiRouter.swift */; };
		240DAF8628614A13007A93CB /* Routeable.swift in Sources */ = {isa = PBXBuildFile; fileRef = 240DAF8528614A13007A93CB /* Routeable.swift */; };
		240DAF8828614A2D007A93CB /* Mappeable.swift in Sources */ = {isa = PBXBuildFile; fileRef = 240DAF8728614A2D007A93CB /* Mappeable.swift */; };
		240DAF8A28614AD9007A93CB /* MD5.swift in Sources */ = {isa = PBXBuildFile; fileRef = 240DAF8928614AD9007A93CB /* MD5.swift */; };
		241CB5802860F0BF00D306E3 /* AppDelegate.swift in Sources */ = {isa = PBXBuildFile; fileRef = 241CB57F2860F0BF00D306E3 /* AppDelegate.swift */; };
		241CB5822860F0BF00D306E3 /* SceneDelegate.swift in Sources */ = {isa = PBXBuildFile; fileRef = 241CB5812860F0BF00D306E3 /* SceneDelegate.swift */; };
		241CB5842860F0BF00D306E3 /* ViewController.swift in Sources */ = {isa = PBXBuildFile; fileRef = 241CB5832860F0BF00D306E3 /* ViewController.swift */; };
		241CB5872860F0BF00D306E3 /* Main.storyboard in Resources */ = {isa = PBXBuildFile; fileRef = 241CB5852860F0BF00D306E3 /* Main.storyboard */; };
		241CB5892860F0C000D306E3 /* Assets.xcassets in Resources */ = {isa = PBXBuildFile; fileRef = 241CB5882860F0C000D306E3 /* Assets.xcassets */; };
		241CB58C2860F0C000D306E3 /* LaunchScreen.storyboard in Resources */ = {isa = PBXBuildFile; fileRef = 241CB58A2860F0C000D306E3 /* LaunchScreen.storyboard */; };
		241CB5972860F0C000D306E3 /* MarvelListTests.swift in Sources */ = {isa = PBXBuildFile; fileRef = 241CB5962860F0C000D306E3 /* MarvelListTests.swift */; };
		241CB5A12860F0C000D306E3 /* MarvelListUITests.swift in Sources */ = {isa = PBXBuildFile; fileRef = 241CB5A02860F0C000D306E3 /* MarvelListUITests.swift */; };
		241CB5A32860F0C000D306E3 /* MarvelListUITestsLaunchTests.swift in Sources */ = {isa = PBXBuildFile; fileRef = 241CB5A22860F0C000D306E3 /* MarvelListUITestsLaunchTests.swift */; };
		241CB5B02860F1B700D306E3 /* README.md in Resources */ = {isa = PBXBuildFile; fileRef = 241CB5AF2860F1B700D306E3 /* README.md */; };
		241CB5B32860F2A400D306E3 /* CustomView.swift in Sources */ = {isa = PBXBuildFile; fileRef = 241CB5B22860F2A400D306E3 /* CustomView.swift */; };
		241CB5B62860F2E400D306E3 /* UIViewController.swift in Sources */ = {isa = PBXBuildFile; fileRef = 241CB5B52860F2E400D306E3 /* UIViewController.swift */; };
		241CB5D42860F56C00D306E3 /* MainModulePresenter.swift in Sources */ = {isa = PBXBuildFile; fileRef = 241CB5C82860F56C00D306E3 /* MainModulePresenter.swift */; };
		241CB5D52860F56C00D306E3 /* MainModuleModule.swift in Sources */ = {isa = PBXBuildFile; fileRef = 241CB5C92860F56C00D306E3 /* MainModuleModule.swift */; };
		241CB5D62860F56C00D306E3 /* MainModuleViewController.xib in Resources */ = {isa = PBXBuildFile; fileRef = 241CB5CB2860F56C00D306E3 /* MainModuleViewController.xib */; };
		241CB5D72860F56C00D306E3 /* MainModuleViewController.swift in Sources */ = {isa = PBXBuildFile; fileRef = 241CB5CC2860F56C00D306E3 /* MainModuleViewController.swift */; };
		241CB5D82860F56C00D306E3 /* MainModuleProtocols.swift in Sources */ = {isa = PBXBuildFile; fileRef = 241CB5CD2860F56C00D306E3 /* MainModuleProtocols.swift */; };
		241CB5D92860F56C00D306E3 /* MainModuleInteractor.swift in Sources */ = {isa = PBXBuildFile; fileRef = 241CB5CF2860F56C00D306E3 /* MainModuleInteractor.swift */; };
		241CB5DA2860F56C00D306E3 /* MainModuleEntity.swift in Sources */ = {isa = PBXBuildFile; fileRef = 241CB5D12860F56C00D306E3 /* MainModuleEntity.swift */; };
		241CB5DB2860F56C00D306E3 /* MainModuleRouter.swift in Sources */ = {isa = PBXBuildFile; fileRef = 241CB5D32860F56C00D306E3 /* MainModuleRouter.swift */; };
		241CB5DE28612B1700D306E3 /* GradientView.swift in Sources */ = {isa = PBXBuildFile; fileRef = 241CB5DD28612B1700D306E3 /* GradientView.swift */; };
		4002A916E605A5FB8A0FD260 /* Pods_MarvelList.framework in Frameworks */ = {isa = PBXBuildFile; fileRef = 572FE8AA3A239E21FEF2947F /* Pods_MarvelList.framework */; };
		CEEFB5D28CD0D01117944029 /* Pods_MarvelList_MarvelListUITests.framework in Frameworks */ = {isa = PBXBuildFile; fileRef = 81BA65E475519E8A5975628B /* Pods_MarvelList_MarvelListUITests.framework */; };
		DE186B5EF696DA51C13D7CE6 /* Pods_MarvelListTests.framework in Frameworks */ = {isa = PBXBuildFile; fileRef = E73CF05DCA42DC4336D0271E /* Pods_MarvelListTests.framework */; };
/* End PBXBuildFile section */

/* Begin PBXContainerItemProxy section */
		241CB5932860F0C000D306E3 /* PBXContainerItemProxy */ = {
			isa = PBXContainerItemProxy;
			containerPortal = 241CB5742860F0BF00D306E3 /* Project object */;
			proxyType = 1;
			remoteGlobalIDString = 241CB57B2860F0BF00D306E3;
			remoteInfo = MarvelList;
		};
		241CB59D2860F0C000D306E3 /* PBXContainerItemProxy */ = {
			isa = PBXContainerItemProxy;
			containerPortal = 241CB5742860F0BF00D306E3 /* Project object */;
			proxyType = 1;
			remoteGlobalIDString = 241CB57B2860F0BF00D306E3;
			remoteInfo = MarvelList;
		};
/* End PBXContainerItemProxy section */

/* Begin PBXFileReference section */
		14A37EA27C3630161835A5A5 /* Pods-MarvelList.release.xcconfig */ = {isa = PBXFileReference; includeInIndex = 1; lastKnownFileType = text.xcconfig; name = "Pods-MarvelList.release.xcconfig"; path = "Target Support Files/Pods-MarvelList/Pods-MarvelList.release.xcconfig"; sourceTree = "<group>"; };
		20C544449ED17D78D1B89DC5 /* Pods-MarvelListTests.debug.xcconfig */ = {isa = PBXFileReference; includeInIndex = 1; lastKnownFileType = text.xcconfig; name = "Pods-MarvelListTests.debug.xcconfig"; path = "Target Support Files/Pods-MarvelListTests/Pods-MarvelListTests.debug.xcconfig"; sourceTree = "<group>"; };
		240DAF6828613265007A93CB /* MainCollectionViewCell.swift */ = {isa = PBXFileReference; lastKnownFileType = sourcecode.swift; path = MainCollectionViewCell.swift; sourceTree = "<group>"; };
		240DAF6928613265007A93CB /* MainCollectionViewCell.xib */ = {isa = PBXFileReference; lastKnownFileType = file.xib; path = MainCollectionViewCell.xib; sourceTree = "<group>"; };
		240DAF6C2861424F007A93CB /* Url.swift */ = {isa = PBXFileReference; lastKnownFileType = sourcecode.swift; path = Url.swift; sourceTree = "<group>"; };
		240DAF6E28614298007A93CB /* Thumbnail.swift */ = {isa = PBXFileReference; lastKnownFileType = sourcecode.swift; path = Thumbnail.swift; sourceTree = "<group>"; };
		240DAF7028614305007A93CB /* Comics.swift */ = {isa = PBXFileReference; lastKnownFileType = sourcecode.swift; path = Comics.swift; sourceTree = "<group>"; };
		240DAF722861431E007A93CB /* Items.swift */ = {isa = PBXFileReference; lastKnownFileType = sourcecode.swift; path = Items.swift; sourceTree = "<group>"; };
		240DAF7428614344007A93CB /* Stories.swift */ = {isa = PBXFileReference; lastKnownFileType = sourcecode.swift; path = Stories.swift; sourceTree = "<group>"; };
		240DAF7628614369007A93CB /* Events.swift */ = {isa = PBXFileReference; lastKnownFileType = sourcecode.swift; path = Events.swift; sourceTree = "<group>"; };
		240DAF7828614457007A93CB /* Series.swift */ = {isa = PBXFileReference; lastKnownFileType = sourcecode.swift; path = Series.swift; sourceTree = "<group>"; };
		240DAF7B2861492F007A93CB /* ApiDataLoader.swift */ = {isa = PBXFileReference; lastKnownFileType = sourcecode.swift; path = ApiDataLoader.swift; sourceTree = "<group>"; };
		240DAF7D28614940007A93CB /* ApiLoadMapper.swift */ = {isa = PBXFileReference; lastKnownFileType = sourcecode.swift; path = ApiLoadMapper.swift; sourceTree = "<group>"; };
		240DAF7F2861494E007A93CB /* ApiLoadRepository.swift */ = {isa = PBXFileReference; lastKnownFileType = sourcecode.swift; path = ApiLoadRepository.swift; sourceTree = "<group>"; };
		240DAF812861495D007A93CB /* ApiManager.swift */ = {isa = PBXFileReference; lastKnownFileType = sourcecode.swift; path = ApiManager.swift; sourceTree = "<group>"; };
		240DAF832861496F007A93CB /* ApiRouter.swift */ = {isa = PBXFileReference; lastKnownFileType = sourcecode.swift; path = ApiRouter.swift; sourceTree = "<group>"; };
		240DAF8528614A13007A93CB /* Routeable.swift */ = {isa = PBXFileReference; lastKnownFileType = sourcecode.swift; path = Routeable.swift; sourceTree = "<group>"; };
		240DAF8728614A2D007A93CB /* Mappeable.swift */ = {isa = PBXFileReference; lastKnownFileType = sourcecode.swift; path = Mappeable.swift; sourceTree = "<group>"; };
		240DAF8928614AD9007A93CB /* MD5.swift */ = {isa = PBXFileReference; lastKnownFileType = sourcecode.swift; path = MD5.swift; sourceTree = "<group>"; };
		241CB57C2860F0BF00D306E3 /* MarvelList.app */ = {isa = PBXFileReference; explicitFileType = wrapper.application; includeInIndex = 0; path = MarvelList.app; sourceTree = BUILT_PRODUCTS_DIR; };
		241CB57F2860F0BF00D306E3 /* AppDelegate.swift */ = {isa = PBXFileReference; lastKnownFileType = sourcecode.swift; path = AppDelegate.swift; sourceTree = "<group>"; };
		241CB5812860F0BF00D306E3 /* SceneDelegate.swift */ = {isa = PBXFileReference; lastKnownFileType = sourcecode.swift; path = SceneDelegate.swift; sourceTree = "<group>"; };
		241CB5832860F0BF00D306E3 /* ViewController.swift */ = {isa = PBXFileReference; lastKnownFileType = sourcecode.swift; path = ViewController.swift; sourceTree = "<group>"; };
		241CB5862860F0BF00D306E3 /* Base */ = {isa = PBXFileReference; lastKnownFileType = file.storyboard; name = Base; path = Base.lproj/Main.storyboard; sourceTree = "<group>"; };
		241CB5882860F0C000D306E3 /* Assets.xcassets */ = {isa = PBXFileReference; lastKnownFileType = folder.assetcatalog; path = Assets.xcassets; sourceTree = "<group>"; };
		241CB58B2860F0C000D306E3 /* Base */ = {isa = PBXFileReference; lastKnownFileType = file.storyboard; name = Base; path = Base.lproj/LaunchScreen.storyboard; sourceTree = "<group>"; };
		241CB58D2860F0C000D306E3 /* Info.plist */ = {isa = PBXFileReference; lastKnownFileType = text.plist.xml; path = Info.plist; sourceTree = "<group>"; };
		241CB5922860F0C000D306E3 /* MarvelListTests.xctest */ = {isa = PBXFileReference; explicitFileType = wrapper.cfbundle; includeInIndex = 0; path = MarvelListTests.xctest; sourceTree = BUILT_PRODUCTS_DIR; };
		241CB5962860F0C000D306E3 /* MarvelListTests.swift */ = {isa = PBXFileReference; lastKnownFileType = sourcecode.swift; path = MarvelListTests.swift; sourceTree = "<group>"; };
		241CB59C2860F0C000D306E3 /* MarvelListUITests.xctest */ = {isa = PBXFileReference; explicitFileType = wrapper.cfbundle; includeInIndex = 0; path = MarvelListUITests.xctest; sourceTree = BUILT_PRODUCTS_DIR; };
		241CB5A02860F0C000D306E3 /* MarvelListUITests.swift */ = {isa = PBXFileReference; lastKnownFileType = sourcecode.swift; path = MarvelListUITests.swift; sourceTree = "<group>"; };
		241CB5A22860F0C000D306E3 /* MarvelListUITestsLaunchTests.swift */ = {isa = PBXFileReference; lastKnownFileType = sourcecode.swift; path = MarvelListUITestsLaunchTests.swift; sourceTree = "<group>"; };
		241CB5AF2860F1B700D306E3 /* README.md */ = {isa = PBXFileReference; fileEncoding = 4; lastKnownFileType = net.daringfireball.markdown; path = README.md; sourceTree = "<group>"; };
		241CB5B22860F2A400D306E3 /* CustomView.swift */ = {isa = PBXFileReference; lastKnownFileType = sourcecode.swift; path = CustomView.swift; sourceTree = "<group>"; };
		241CB5B52860F2E400D306E3 /* UIViewController.swift */ = {isa = PBXFileReference; lastKnownFileType = sourcecode.swift; path = UIViewController.swift; sourceTree = "<group>"; };
		241CB5C82860F56C00D306E3 /* MainModulePresenter.swift */ = {isa = PBXFileReference; fileEncoding = 4; lastKnownFileType = sourcecode.swift; path = MainModulePresenter.swift; sourceTree = "<group>"; };
		241CB5C92860F56C00D306E3 /* MainModuleModule.swift */ = {isa = PBXFileReference; fileEncoding = 4; lastKnownFileType = sourcecode.swift; path = MainModuleModule.swift; sourceTree = "<group>"; };
		241CB5CB2860F56C00D306E3 /* MainModuleViewController.xib */ = {isa = PBXFileReference; fileEncoding = 4; lastKnownFileType = file.xib; path = MainModuleViewController.xib; sourceTree = "<group>"; };
		241CB5CC2860F56C00D306E3 /* MainModuleViewController.swift */ = {isa = PBXFileReference; fileEncoding = 4; lastKnownFileType = sourcecode.swift; path = MainModuleViewController.swift; sourceTree = "<group>"; };
		241CB5CD2860F56C00D306E3 /* MainModuleProtocols.swift */ = {isa = PBXFileReference; fileEncoding = 4; lastKnownFileType = sourcecode.swift; path = MainModuleProtocols.swift; sourceTree = "<group>"; };
		241CB5CF2860F56C00D306E3 /* MainModuleInteractor.swift */ = {isa = PBXFileReference; fileEncoding = 4; lastKnownFileType = sourcecode.swift; path = MainModuleInteractor.swift; sourceTree = "<group>"; };
		241CB5D12860F56C00D306E3 /* MainModuleEntity.swift */ = {isa = PBXFileReference; fileEncoding = 4; lastKnownFileType = sourcecode.swift; path = MainModuleEntity.swift; sourceTree = "<group>"; };
		241CB5D32860F56C00D306E3 /* MainModuleRouter.swift */ = {isa = PBXFileReference; fileEncoding = 4; lastKnownFileType = sourcecode.swift; path = MainModuleRouter.swift; sourceTree = "<group>"; };
		241CB5DD28612B1700D306E3 /* GradientView.swift */ = {isa = PBXFileReference; lastKnownFileType = sourcecode.swift; path = GradientView.swift; sourceTree = "<group>"; };
		2726472C3C20C521F4E997E4 /* Pods-MarvelList-MarvelListUITests.debug.xcconfig */ = {isa = PBXFileReference; includeInIndex = 1; lastKnownFileType = text.xcconfig; name = "Pods-MarvelList-MarvelListUITests.debug.xcconfig"; path = "Target Support Files/Pods-MarvelList-MarvelListUITests/Pods-MarvelList-MarvelListUITests.debug.xcconfig"; sourceTree = "<group>"; };
		572FE8AA3A239E21FEF2947F /* Pods_MarvelList.framework */ = {isa = PBXFileReference; explicitFileType = wrapper.framework; includeInIndex = 0; path = Pods_MarvelList.framework; sourceTree = BUILT_PRODUCTS_DIR; };
		81BA65E475519E8A5975628B /* Pods_MarvelList_MarvelListUITests.framework */ = {isa = PBXFileReference; explicitFileType = wrapper.framework; includeInIndex = 0; path = Pods_MarvelList_MarvelListUITests.framework; sourceTree = BUILT_PRODUCTS_DIR; };
		ABE1813F46724569A9D2CE46 /* Pods-MarvelList-MarvelListUITests.release.xcconfig */ = {isa = PBXFileReference; includeInIndex = 1; lastKnownFileType = text.xcconfig; name = "Pods-MarvelList-MarvelListUITests.release.xcconfig"; path = "Target Support Files/Pods-MarvelList-MarvelListUITests/Pods-MarvelList-MarvelListUITests.release.xcconfig"; sourceTree = "<group>"; };
		E73890C636A531D859D4730F /* Pods-MarvelList.debug.xcconfig */ = {isa = PBXFileReference; includeInIndex = 1; lastKnownFileType = text.xcconfig; name = "Pods-MarvelList.debug.xcconfig"; path = "Target Support Files/Pods-MarvelList/Pods-MarvelList.debug.xcconfig"; sourceTree = "<group>"; };
		E73CF05DCA42DC4336D0271E /* Pods_MarvelListTests.framework */ = {isa = PBXFileReference; explicitFileType = wrapper.framework; includeInIndex = 0; path = Pods_MarvelListTests.framework; sourceTree = BUILT_PRODUCTS_DIR; };
		F6BB56416CD06C19BF9C5A20 /* Pods-MarvelListTests.release.xcconfig */ = {isa = PBXFileReference; includeInIndex = 1; lastKnownFileType = text.xcconfig; name = "Pods-MarvelListTests.release.xcconfig"; path = "Target Support Files/Pods-MarvelListTests/Pods-MarvelListTests.release.xcconfig"; sourceTree = "<group>"; };
/* End PBXFileReference section */

/* Begin PBXFrameworksBuildPhase section */
		241CB5792860F0BF00D306E3 /* Frameworks */ = {
			isa = PBXFrameworksBuildPhase;
			buildActionMask = 2147483647;
			files = (
				4002A916E605A5FB8A0FD260 /* Pods_MarvelList.framework in Frameworks */,
			);
			runOnlyForDeploymentPostprocessing = 0;
		};
		241CB58F2860F0C000D306E3 /* Frameworks */ = {
			isa = PBXFrameworksBuildPhase;
			buildActionMask = 2147483647;
			files = (
				DE186B5EF696DA51C13D7CE6 /* Pods_MarvelListTests.framework in Frameworks */,
			);
			runOnlyForDeploymentPostprocessing = 0;
		};
		241CB5992860F0C000D306E3 /* Frameworks */ = {
			isa = PBXFrameworksBuildPhase;
			buildActionMask = 2147483647;
			files = (
				CEEFB5D28CD0D01117944029 /* Pods_MarvelList_MarvelListUITests.framework in Frameworks */,
			);
			runOnlyForDeploymentPostprocessing = 0;
		};
/* End PBXFrameworksBuildPhase section */

/* Begin PBXGroup section */
		1C2B8DAE7CCDE3ECAED60CB9 /* Pods */ = {
			isa = PBXGroup;
			children = (
				E73890C636A531D859D4730F /* Pods-MarvelList.debug.xcconfig */,
				14A37EA27C3630161835A5A5 /* Pods-MarvelList.release.xcconfig */,
				2726472C3C20C521F4E997E4 /* Pods-MarvelList-MarvelListUITests.debug.xcconfig */,
				ABE1813F46724569A9D2CE46 /* Pods-MarvelList-MarvelListUITests.release.xcconfig */,
				20C544449ED17D78D1B89DC5 /* Pods-MarvelListTests.debug.xcconfig */,
				F6BB56416CD06C19BF9C5A20 /* Pods-MarvelListTests.release.xcconfig */,
			);
			path = Pods;
			sourceTree = "<group>";
		};
		240DAF6728613239007A93CB /* Cells */ = {
			isa = PBXGroup;
			children = (
				240DAF6828613265007A93CB /* MainCollectionViewCell.swift */,
				240DAF6928613265007A93CB /* MainCollectionViewCell.xib */,
			);
			path = Cells;
			sourceTree = "<group>";
		};
		240DAF7A28614821007A93CB /* ApiManager */ = {
			isa = PBXGroup;
			children = (
				240DAF7B2861492F007A93CB /* ApiDataLoader.swift */,
				240DAF7D28614940007A93CB /* ApiLoadMapper.swift */,
				240DAF7F2861494E007A93CB /* ApiLoadRepository.swift */,
				240DAF812861495D007A93CB /* ApiManager.swift */,
				240DAF832861496F007A93CB /* ApiRouter.swift */,
			);
			path = ApiManager;
			sourceTree = "<group>";
		};
		241CB5732860F0BF00D306E3 = {
			isa = PBXGroup;
			children = (
				241CB5AF2860F1B700D306E3 /* README.md */,
				241CB57E2860F0BF00D306E3 /* MarvelList */,
				241CB5952860F0C000D306E3 /* MarvelListTests */,
				241CB59F2860F0C000D306E3 /* MarvelListUITests */,
				241CB57D2860F0BF00D306E3 /* Products */,
				1C2B8DAE7CCDE3ECAED60CB9 /* Pods */,
				E6F7E0DE5339C096D875E090 /* Frameworks */,
			);
			sourceTree = "<group>";
		};
		241CB57D2860F0BF00D306E3 /* Products */ = {
			isa = PBXGroup;
			children = (
				241CB57C2860F0BF00D306E3 /* MarvelList.app */,
				241CB5922860F0C000D306E3 /* MarvelListTests.xctest */,
				241CB59C2860F0C000D306E3 /* MarvelListUITests.xctest */,
			);
			name = Products;
			sourceTree = "<group>";
		};
		241CB57E2860F0BF00D306E3 /* MarvelList */ = {
			isa = PBXGroup;
			children = (
				241CB5C62860F56C00D306E3 /* Main */,
				241CB5B42860F2CA00D306E3 /* Extensions */,
				241CB5B12860F28F00D306E3 /* Utils */,
				241CB57F2860F0BF00D306E3 /* AppDelegate.swift */,
				241CB5812860F0BF00D306E3 /* SceneDelegate.swift */,
				241CB5832860F0BF00D306E3 /* ViewController.swift */,
				241CB5852860F0BF00D306E3 /* Main.storyboard */,
				241CB5882860F0C000D306E3 /* Assets.xcassets */,
				241CB58A2860F0C000D306E3 /* LaunchScreen.storyboard */,
				241CB58D2860F0C000D306E3 /* Info.plist */,
			);
			path = MarvelList;
			sourceTree = "<group>";
		};
		241CB5952860F0C000D306E3 /* MarvelListTests */ = {
			isa = PBXGroup;
			children = (
				241CB5962860F0C000D306E3 /* MarvelListTests.swift */,
			);
			path = MarvelListTests;
			sourceTree = "<group>";
		};
		241CB59F2860F0C000D306E3 /* MarvelListUITests */ = {
			isa = PBXGroup;
			children = (
				241CB5A02860F0C000D306E3 /* MarvelListUITests.swift */,
				241CB5A22860F0C000D306E3 /* MarvelListUITestsLaunchTests.swift */,
			);
			path = MarvelListUITests;
			sourceTree = "<group>";
		};
		241CB5B12860F28F00D306E3 /* Utils */ = {
			isa = PBXGroup;
			children = (
				241CB5B22860F2A400D306E3 /* CustomView.swift */,
				240DAF8528614A13007A93CB /* Routeable.swift */,
				240DAF8728614A2D007A93CB /* Mappeable.swift */,
				240DAF8928614AD9007A93CB /* MD5.swift */,
			);
			path = Utils;
			sourceTree = "<group>";
		};
		241CB5B42860F2CA00D306E3 /* Extensions */ = {
			isa = PBXGroup;
			children = (
				241CB5B52860F2E400D306E3 /* UIViewController.swift */,
				241CB5DD28612B1700D306E3 /* GradientView.swift */,
			);
			path = Extensions;
			sourceTree = "<group>";
		};
		241CB5C62860F56C00D306E3 /* Main */ = {
			isa = PBXGroup;
			children = (
				241CB5C72860F56C00D306E3 /* Presenter */,
				241CB5C92860F56C00D306E3 /* MainModuleModule.swift */,
				241CB5CA2860F56C00D306E3 /* View */,
				241CB5CD2860F56C00D306E3 /* MainModuleProtocols.swift */,
				241CB5CE2860F56C00D306E3 /* Interactor */,
				241CB5D02860F56C00D306E3 /* Entities */,
				241CB5D22860F56C00D306E3 /* Router */,
			);
			path = Main;
			sourceTree = "<group>";
		};
		241CB5C72860F56C00D306E3 /* Presenter */ = {
			isa = PBXGroup;
			children = (
				241CB5C82860F56C00D306E3 /* MainModulePresenter.swift */,
			);
			path = Presenter;
			sourceTree = "<group>";
		};
		241CB5CA2860F56C00D306E3 /* View */ = {
			isa = PBXGroup;
			children = (
				240DAF6728613239007A93CB /* Cells */,
				241CB5CB2860F56C00D306E3 /* MainModuleViewController.xib */,
				241CB5CC2860F56C00D306E3 /* MainModuleViewController.swift */,
			);
			path = View;
			sourceTree = "<group>";
		};
		241CB5CE2860F56C00D306E3 /* Interactor */ = {
			isa = PBXGroup;
			children = (
				240DAF7A28614821007A93CB /* ApiManager */,
				241CB5CF2860F56C00D306E3 /* MainModuleInteractor.swift */,
			);
			path = Interactor;
			sourceTree = "<group>";
		};
		241CB5D02860F56C00D306E3 /* Entities */ = {
			isa = PBXGroup;
			children = (
				241CB5D12860F56C00D306E3 /* MainModuleEntity.swift */,
				240DAF6C2861424F007A93CB /* Url.swift */,
				240DAF6E28614298007A93CB /* Thumbnail.swift */,
				240DAF7028614305007A93CB /* Comics.swift */,
				240DAF722861431E007A93CB /* Items.swift */,
				240DAF7428614344007A93CB /* Stories.swift */,
				240DAF7628614369007A93CB /* Events.swift */,
				240DAF7828614457007A93CB /* Series.swift */,
			);
			path = Entities;
			sourceTree = "<group>";
		};
		241CB5D22860F56C00D306E3 /* Router */ = {
			isa = PBXGroup;
			children = (
				241CB5D32860F56C00D306E3 /* MainModuleRouter.swift */,
			);
			path = Router;
			sourceTree = "<group>";
		};
		E6F7E0DE5339C096D875E090 /* Frameworks */ = {
			isa = PBXGroup;
			children = (
				572FE8AA3A239E21FEF2947F /* Pods_MarvelList.framework */,
				81BA65E475519E8A5975628B /* Pods_MarvelList_MarvelListUITests.framework */,
				E73CF05DCA42DC4336D0271E /* Pods_MarvelListTests.framework */,
			);
			name = Frameworks;
			sourceTree = "<group>";
		};
/* End PBXGroup section */

/* Begin PBXNativeTarget section */
		241CB57B2860F0BF00D306E3 /* MarvelList */ = {
			isa = PBXNativeTarget;
			buildConfigurationList = 241CB5A62860F0C000D306E3 /* Build configuration list for PBXNativeTarget "MarvelList" */;
			buildPhases = (
				379EBE36497F66A84FE1D95A /* [CP] Check Pods Manifest.lock */,
				241CB5782860F0BF00D306E3 /* Sources */,
				241CB5792860F0BF00D306E3 /* Frameworks */,
				241CB57A2860F0BF00D306E3 /* Resources */,
				733A0CEF76EF4E21C23DA480 /* [CP] Embed Pods Frameworks */,
			);
			buildRules = (
			);
			dependencies = (
			);
			name = MarvelList;
			productName = MarvelList;
			productReference = 241CB57C2860F0BF00D306E3 /* MarvelList.app */;
			productType = "com.apple.product-type.application";
		};
		241CB5912860F0C000D306E3 /* MarvelListTests */ = {
			isa = PBXNativeTarget;
			buildConfigurationList = 241CB5A92860F0C000D306E3 /* Build configuration list for PBXNativeTarget "MarvelListTests" */;
			buildPhases = (
				947375606270C69902A34773 /* [CP] Check Pods Manifest.lock */,
				241CB58E2860F0C000D306E3 /* Sources */,
				241CB58F2860F0C000D306E3 /* Frameworks */,
				241CB5902860F0C000D306E3 /* Resources */,
			);
			buildRules = (
			);
			dependencies = (
				241CB5942860F0C000D306E3 /* PBXTargetDependency */,
			);
			name = MarvelListTests;
			productName = MarvelListTests;
			productReference = 241CB5922860F0C000D306E3 /* MarvelListTests.xctest */;
			productType = "com.apple.product-type.bundle.unit-test";
		};
		241CB59B2860F0C000D306E3 /* MarvelListUITests */ = {
			isa = PBXNativeTarget;
			buildConfigurationList = 241CB5AC2860F0C000D306E3 /* Build configuration list for PBXNativeTarget "MarvelListUITests" */;
			buildPhases = (
				1855D41071D5F9490802CE27 /* [CP] Check Pods Manifest.lock */,
				241CB5982860F0C000D306E3 /* Sources */,
				241CB5992860F0C000D306E3 /* Frameworks */,
				241CB59A2860F0C000D306E3 /* Resources */,
				787998983E0E805BDBC9E033 /* [CP] Embed Pods Frameworks */,
			);
			buildRules = (
			);
			dependencies = (
				241CB59E2860F0C000D306E3 /* PBXTargetDependency */,
			);
			name = MarvelListUITests;
			productName = MarvelListUITests;
			productReference = 241CB59C2860F0C000D306E3 /* MarvelListUITests.xctest */;
			productType = "com.apple.product-type.bundle.ui-testing";
		};
/* End PBXNativeTarget section */

/* Begin PBXProject section */
		241CB5742860F0BF00D306E3 /* Project object */ = {
			isa = PBXProject;
			attributes = {
				BuildIndependentTargetsInParallel = 1;
				LastSwiftUpdateCheck = 1320;
				LastUpgradeCheck = 1320;
				TargetAttributes = {
					241CB57B2860F0BF00D306E3 = {
						CreatedOnToolsVersion = 13.2.1;
					};
					241CB5912860F0C000D306E3 = {
						CreatedOnToolsVersion = 13.2.1;
						TestTargetID = 241CB57B2860F0BF00D306E3;
					};
					241CB59B2860F0C000D306E3 = {
						CreatedOnToolsVersion = 13.2.1;
						TestTargetID = 241CB57B2860F0BF00D306E3;
					};
				};
			};
			buildConfigurationList = 241CB5772860F0BF00D306E3 /* Build configuration list for PBXProject "MarvelList" */;
			compatibilityVersion = "Xcode 13.0";
			developmentRegion = en;
			hasScannedForEncodings = 0;
			knownRegions = (
				en,
				Base,
			);
			mainGroup = 241CB5732860F0BF00D306E3;
			productRefGroup = 241CB57D2860F0BF00D306E3 /* Products */;
			projectDirPath = "";
			projectRoot = "";
			targets = (
				241CB57B2860F0BF00D306E3 /* MarvelList */,
				241CB5912860F0C000D306E3 /* MarvelListTests */,
				241CB59B2860F0C000D306E3 /* MarvelListUITests */,
			);
		};
/* End PBXProject section */

/* Begin PBXResourcesBuildPhase section */
		241CB57A2860F0BF00D306E3 /* Resources */ = {
			isa = PBXResourcesBuildPhase;
			buildActionMask = 2147483647;
			files = (
				241CB58C2860F0C000D306E3 /* LaunchScreen.storyboard in Resources */,
				240DAF6B28613265007A93CB /* MainCollectionViewCell.xib in Resources */,
				241CB5892860F0C000D306E3 /* Assets.xcassets in Resources */,
				241CB5B02860F1B700D306E3 /* README.md in Resources */,
				241CB5872860F0BF00D306E3 /* Main.storyboard in Resources */,
				241CB5D62860F56C00D306E3 /* MainModuleViewController.xib in Resources */,
			);
			runOnlyForDeploymentPostprocessing = 0;
		};
		241CB5902860F0C000D306E3 /* Resources */ = {
			isa = PBXResourcesBuildPhase;
			buildActionMask = 2147483647;
			files = (
			);
			runOnlyForDeploymentPostprocessing = 0;
		};
		241CB59A2860F0C000D306E3 /* Resources */ = {
			isa = PBXResourcesBuildPhase;
			buildActionMask = 2147483647;
			files = (
			);
			runOnlyForDeploymentPostprocessing = 0;
		};
/* End PBXResourcesBuildPhase section */

/* Begin PBXShellScriptBuildPhase section */
		1855D41071D5F9490802CE27 /* [CP] Check Pods Manifest.lock */ = {
			isa = PBXShellScriptBuildPhase;
			buildActionMask = 2147483647;
			files = (
			);
			inputFileListPaths = (
			);
			inputPaths = (
				"${PODS_PODFILE_DIR_PATH}/Podfile.lock",
				"${PODS_ROOT}/Manifest.lock",
			);
			name = "[CP] Check Pods Manifest.lock";
			outputFileListPaths = (
			);
			outputPaths = (
				"$(DERIVED_FILE_DIR)/Pods-MarvelList-MarvelListUITests-checkManifestLockResult.txt",
			);
			runOnlyForDeploymentPostprocessing = 0;
			shellPath = /bin/sh;
			shellScript = "diff \"${PODS_PODFILE_DIR_PATH}/Podfile.lock\" \"${PODS_ROOT}/Manifest.lock\" > /dev/null\nif [ $? != 0 ] ; then\n    # print error to STDERR\n    echo \"error: The sandbox is not in sync with the Podfile.lock. Run 'pod install' or update your CocoaPods installation.\" >&2\n    exit 1\nfi\n# This output is used by Xcode 'outputs' to avoid re-running this script phase.\necho \"SUCCESS\" > \"${SCRIPT_OUTPUT_FILE_0}\"\n";
			showEnvVarsInLog = 0;
		};
		379EBE36497F66A84FE1D95A /* [CP] Check Pods Manifest.lock */ = {
			isa = PBXShellScriptBuildPhase;
			buildActionMask = 2147483647;
			files = (
			);
			inputFileListPaths = (
			);
			inputPaths = (
				"${PODS_PODFILE_DIR_PATH}/Podfile.lock",
				"${PODS_ROOT}/Manifest.lock",
			);
			name = "[CP] Check Pods Manifest.lock";
			outputFileListPaths = (
			);
			outputPaths = (
				"$(DERIVED_FILE_DIR)/Pods-MarvelList-checkManifestLockResult.txt",
			);
			runOnlyForDeploymentPostprocessing = 0;
			shellPath = /bin/sh;
			shellScript = "diff \"${PODS_PODFILE_DIR_PATH}/Podfile.lock\" \"${PODS_ROOT}/Manifest.lock\" > /dev/null\nif [ $? != 0 ] ; then\n    # print error to STDERR\n    echo \"error: The sandbox is not in sync with the Podfile.lock. Run 'pod install' or update your CocoaPods installation.\" >&2\n    exit 1\nfi\n# This output is used by Xcode 'outputs' to avoid re-running this script phase.\necho \"SUCCESS\" > \"${SCRIPT_OUTPUT_FILE_0}\"\n";
			showEnvVarsInLog = 0;
		};
		733A0CEF76EF4E21C23DA480 /* [CP] Embed Pods Frameworks */ = {
			isa = PBXShellScriptBuildPhase;
			buildActionMask = 2147483647;
			files = (
			);
			inputFileListPaths = (
				"${PODS_ROOT}/Target Support Files/Pods-MarvelList/Pods-MarvelList-frameworks-${CONFIGURATION}-input-files.xcfilelist",
			);
			name = "[CP] Embed Pods Frameworks";
			outputFileListPaths = (
				"${PODS_ROOT}/Target Support Files/Pods-MarvelList/Pods-MarvelList-frameworks-${CONFIGURATION}-output-files.xcfilelist",
			);
			runOnlyForDeploymentPostprocessing = 0;
			shellPath = /bin/sh;
			shellScript = "\"${PODS_ROOT}/Target Support Files/Pods-MarvelList/Pods-MarvelList-frameworks.sh\"\n";
			showEnvVarsInLog = 0;
		};
		787998983E0E805BDBC9E033 /* [CP] Embed Pods Frameworks */ = {
			isa = PBXShellScriptBuildPhase;
			buildActionMask = 2147483647;
			files = (
			);
			inputFileListPaths = (
				"${PODS_ROOT}/Target Support Files/Pods-MarvelList-MarvelListUITests/Pods-MarvelList-MarvelListUITests-frameworks-${CONFIGURATION}-input-files.xcfilelist",
			);
			name = "[CP] Embed Pods Frameworks";
			outputFileListPaths = (
				"${PODS_ROOT}/Target Support Files/Pods-MarvelList-MarvelListUITests/Pods-MarvelList-MarvelListUITests-frameworks-${CONFIGURATION}-output-files.xcfilelist",
			);
			runOnlyForDeploymentPostprocessing = 0;
			shellPath = /bin/sh;
			shellScript = "\"${PODS_ROOT}/Target Support Files/Pods-MarvelList-MarvelListUITests/Pods-MarvelList-MarvelListUITests-frameworks.sh\"\n";
			showEnvVarsInLog = 0;
		};
		947375606270C69902A34773 /* [CP] Check Pods Manifest.lock */ = {
			isa = PBXShellScriptBuildPhase;
			buildActionMask = 2147483647;
			files = (
			);
			inputFileListPaths = (
			);
			inputPaths = (
				"${PODS_PODFILE_DIR_PATH}/Podfile.lock",
				"${PODS_ROOT}/Manifest.lock",
			);
			name = "[CP] Check Pods Manifest.lock";
			outputFileListPaths = (
			);
			outputPaths = (
				"$(DERIVED_FILE_DIR)/Pods-MarvelListTests-checkManifestLockResult.txt",
			);
			runOnlyForDeploymentPostprocessing = 0;
			shellPath = /bin/sh;
			shellScript = "diff \"${PODS_PODFILE_DIR_PATH}/Podfile.lock\" \"${PODS_ROOT}/Manifest.lock\" > /dev/null\nif [ $? != 0 ] ; then\n    # print error to STDERR\n    echo \"error: The sandbox is not in sync with the Podfile.lock. Run 'pod install' or update your CocoaPods installation.\" >&2\n    exit 1\nfi\n# This output is used by Xcode 'outputs' to avoid re-running this script phase.\necho \"SUCCESS\" > \"${SCRIPT_OUTPUT_FILE_0}\"\n";
			showEnvVarsInLog = 0;
		};
/* End PBXShellScriptBuildPhase section */

/* Begin PBXSourcesBuildPhase section */
		241CB5782860F0BF00D306E3 /* Sources */ = {
			isa = PBXSourcesBuildPhase;
			buildActionMask = 2147483647;
			files = (
				241CB5DE28612B1700D306E3 /* GradientView.swift in Sources */,
				241CB5842860F0BF00D306E3 /* ViewController.swift in Sources */,
				240DAF8A28614AD9007A93CB /* MD5.swift in Sources */,
				241CB5DB2860F56C00D306E3 /* MainModuleRouter.swift in Sources */,
				241CB5D82860F56C00D306E3 /* MainModuleProtocols.swift in Sources */,
				240DAF7728614369007A93CB /* Events.swift in Sources */,
				240DAF732861431E007A93CB /* Items.swift in Sources */,
				240DAF7928614457007A93CB /* Series.swift in Sources */,
				240DAF842861496F007A93CB /* ApiRouter.swift in Sources */,
				240DAF7528614344007A93CB /* Stories.swift in Sources */,
				240DAF6D2861424F007A93CB /* Url.swift in Sources */,
				241CB5D42860F56C00D306E3 /* MainModulePresenter.swift in Sources */,
				241CB5D92860F56C00D306E3 /* MainModuleInteractor.swift in Sources */,
				240DAF7128614305007A93CB /* Comics.swift in Sources */,
				240DAF8828614A2D007A93CB /* Mappeable.swift in Sources */,
				240DAF822861495D007A93CB /* ApiManager.swift in Sources */,
				241CB5D52860F56C00D306E3 /* MainModuleModule.swift in Sources */,
				240DAF7C2861492F007A93CB /* ApiDataLoader.swift in Sources */,
				240DAF6A28613265007A93CB /* MainCollectionViewCell.swift in Sources */,
				241CB5D72860F56C00D306E3 /* MainModuleViewController.swift in Sources */,
				240DAF7E28614940007A93CB /* ApiLoadMapper.swift in Sources */,
				241CB5B32860F2A400D306E3 /* CustomView.swift in Sources */,
				241CB5802860F0BF00D306E3 /* AppDelegate.swift in Sources */,
				241CB5822860F0BF00D306E3 /* SceneDelegate.swift in Sources */,
				240DAF802861494E007A93CB /* ApiLoadRepository.swift in Sources */,
				240DAF8628614A13007A93CB /* Routeable.swift in Sources */,
				241CB5B62860F2E400D306E3 /* UIViewController.swift in Sources */,
				240DAF6F28614298007A93CB /* Thumbnail.swift in Sources */,
				241CB5DA2860F56C00D306E3 /* MainModuleEntity.swift in Sources */,
			);
			runOnlyForDeploymentPostprocessing = 0;
		};
		241CB58E2860F0C000D306E3 /* Sources */ = {
			isa = PBXSourcesBuildPhase;
			buildActionMask = 2147483647;
			files = (
				241CB5972860F0C000D306E3 /* MarvelListTests.swift in Sources */,
			);
			runOnlyForDeploymentPostprocessing = 0;
		};
		241CB5982860F0C000D306E3 /* Sources */ = {
			isa = PBXSourcesBuildPhase;
			buildActionMask = 2147483647;
			files = (
				241CB5A12860F0C000D306E3 /* MarvelListUITests.swift in Sources */,
				241CB5A32860F0C000D306E3 /* MarvelListUITestsLaunchTests.swift in Sources */,
			);
			runOnlyForDeploymentPostprocessing = 0;
		};
/* End PBXSourcesBuildPhase section */

/* Begin PBXTargetDependency section */
		241CB5942860F0C000D306E3 /* PBXTargetDependency */ = {
			isa = PBXTargetDependency;
			target = 241CB57B2860F0BF00D306E3 /* MarvelList */;
			targetProxy = 241CB5932860F0C000D306E3 /* PBXContainerItemProxy */;
		};
		241CB59E2860F0C000D306E3 /* PBXTargetDependency */ = {
			isa = PBXTargetDependency;
			target = 241CB57B2860F0BF00D306E3 /* MarvelList */;
			targetProxy = 241CB59D2860F0C000D306E3 /* PBXContainerItemProxy */;
		};
/* End PBXTargetDependency section */

/* Begin PBXVariantGroup section */
		241CB5852860F0BF00D306E3 /* Main.storyboard */ = {
			isa = PBXVariantGroup;
			children = (
				241CB5862860F0BF00D306E3 /* Base */,
			);
			name = Main.storyboard;
			sourceTree = "<group>";
		};
		241CB58A2860F0C000D306E3 /* LaunchScreen.storyboard */ = {
			isa = PBXVariantGroup;
			children = (
				241CB58B2860F0C000D306E3 /* Base */,
			);
			name = LaunchScreen.storyboard;
			sourceTree = "<group>";
		};
/* End PBXVariantGroup section */

/* Begin XCBuildConfiguration section */
		241CB5A42860F0C000D306E3 /* Debug */ = {
			isa = XCBuildConfiguration;
			buildSettings = {
				ALWAYS_SEARCH_USER_PATHS = NO;
				CLANG_ANALYZER_NONNULL = YES;
				CLANG_ANALYZER_NUMBER_OBJECT_CONVERSION = YES_AGGRESSIVE;
				CLANG_CXX_LANGUAGE_STANDARD = "gnu++17";
				CLANG_CXX_LIBRARY = "libc++";
				CLANG_ENABLE_MODULES = YES;
				CLANG_ENABLE_OBJC_ARC = YES;
				CLANG_ENABLE_OBJC_WEAK = YES;
				CLANG_WARN_BLOCK_CAPTURE_AUTORELEASING = YES;
				CLANG_WARN_BOOL_CONVERSION = YES;
				CLANG_WARN_COMMA = YES;
				CLANG_WARN_CONSTANT_CONVERSION = YES;
				CLANG_WARN_DEPRECATED_OBJC_IMPLEMENTATIONS = YES;
				CLANG_WARN_DIRECT_OBJC_ISA_USAGE = YES_ERROR;
				CLANG_WARN_DOCUMENTATION_COMMENTS = YES;
				CLANG_WARN_EMPTY_BODY = YES;
				CLANG_WARN_ENUM_CONVERSION = YES;
				CLANG_WARN_INFINITE_RECURSION = YES;
				CLANG_WARN_INT_CONVERSION = YES;
				CLANG_WARN_NON_LITERAL_NULL_CONVERSION = YES;
				CLANG_WARN_OBJC_IMPLICIT_RETAIN_SELF = YES;
				CLANG_WARN_OBJC_LITERAL_CONVERSION = YES;
				CLANG_WARN_OBJC_ROOT_CLASS = YES_ERROR;
				CLANG_WARN_QUOTED_INCLUDE_IN_FRAMEWORK_HEADER = YES;
				CLANG_WARN_RANGE_LOOP_ANALYSIS = YES;
				CLANG_WARN_STRICT_PROTOTYPES = YES;
				CLANG_WARN_SUSPICIOUS_MOVE = YES;
				CLANG_WARN_UNGUARDED_AVAILABILITY = YES_AGGRESSIVE;
				CLANG_WARN_UNREACHABLE_CODE = YES;
				CLANG_WARN__DUPLICATE_METHOD_MATCH = YES;
				COPY_PHASE_STRIP = NO;
				DEBUG_INFORMATION_FORMAT = dwarf;
				ENABLE_STRICT_OBJC_MSGSEND = YES;
				ENABLE_TESTABILITY = YES;
				GCC_C_LANGUAGE_STANDARD = gnu11;
				GCC_DYNAMIC_NO_PIC = NO;
				GCC_NO_COMMON_BLOCKS = YES;
				GCC_OPTIMIZATION_LEVEL = 0;
				GCC_PREPROCESSOR_DEFINITIONS = (
					"DEBUG=1",
					"$(inherited)",
				);
				GCC_WARN_64_TO_32_BIT_CONVERSION = YES;
				GCC_WARN_ABOUT_RETURN_TYPE = YES_ERROR;
				GCC_WARN_UNDECLARED_SELECTOR = YES;
				GCC_WARN_UNINITIALIZED_AUTOS = YES_AGGRESSIVE;
				GCC_WARN_UNUSED_FUNCTION = YES;
				GCC_WARN_UNUSED_VARIABLE = YES;
				IPHONEOS_DEPLOYMENT_TARGET = 15.2;
				MTL_ENABLE_DEBUG_INFO = INCLUDE_SOURCE;
				MTL_FAST_MATH = YES;
				ONLY_ACTIVE_ARCH = YES;
				SDKROOT = iphoneos;
				SWIFT_ACTIVE_COMPILATION_CONDITIONS = DEBUG;
				SWIFT_OPTIMIZATION_LEVEL = "-Onone";
			};
			name = Debug;
		};
		241CB5A52860F0C000D306E3 /* Release */ = {
			isa = XCBuildConfiguration;
			buildSettings = {
				ALWAYS_SEARCH_USER_PATHS = NO;
				CLANG_ANALYZER_NONNULL = YES;
				CLANG_ANALYZER_NUMBER_OBJECT_CONVERSION = YES_AGGRESSIVE;
				CLANG_CXX_LANGUAGE_STANDARD = "gnu++17";
				CLANG_CXX_LIBRARY = "libc++";
				CLANG_ENABLE_MODULES = YES;
				CLANG_ENABLE_OBJC_ARC = YES;
				CLANG_ENABLE_OBJC_WEAK = YES;
				CLANG_WARN_BLOCK_CAPTURE_AUTORELEASING = YES;
				CLANG_WARN_BOOL_CONVERSION = YES;
				CLANG_WARN_COMMA = YES;
				CLANG_WARN_CONSTANT_CONVERSION = YES;
				CLANG_WARN_DEPRECATED_OBJC_IMPLEMENTATIONS = YES;
				CLANG_WARN_DIRECT_OBJC_ISA_USAGE = YES_ERROR;
				CLANG_WARN_DOCUMENTATION_COMMENTS = YES;
				CLANG_WARN_EMPTY_BODY = YES;
				CLANG_WARN_ENUM_CONVERSION = YES;
				CLANG_WARN_INFINITE_RECURSION = YES;
				CLANG_WARN_INT_CONVERSION = YES;
				CLANG_WARN_NON_LITERAL_NULL_CONVERSION = YES;
				CLANG_WARN_OBJC_IMPLICIT_RETAIN_SELF = YES;
				CLANG_WARN_OBJC_LITERAL_CONVERSION = YES;
				CLANG_WARN_OBJC_ROOT_CLASS = YES_ERROR;
				CLANG_WARN_QUOTED_INCLUDE_IN_FRAMEWORK_HEADER = YES;
				CLANG_WARN_RANGE_LOOP_ANALYSIS = YES;
				CLANG_WARN_STRICT_PROTOTYPES = YES;
				CLANG_WARN_SUSPICIOUS_MOVE = YES;
				CLANG_WARN_UNGUARDED_AVAILABILITY = YES_AGGRESSIVE;
				CLANG_WARN_UNREACHABLE_CODE = YES;
				CLANG_WARN__DUPLICATE_METHOD_MATCH = YES;
				COPY_PHASE_STRIP = NO;
				DEBUG_INFORMATION_FORMAT = "dwarf-with-dsym";
				ENABLE_NS_ASSERTIONS = NO;
				ENABLE_STRICT_OBJC_MSGSEND = YES;
				GCC_C_LANGUAGE_STANDARD = gnu11;
				GCC_NO_COMMON_BLOCKS = YES;
				GCC_WARN_64_TO_32_BIT_CONVERSION = YES;
				GCC_WARN_ABOUT_RETURN_TYPE = YES_ERROR;
				GCC_WARN_UNDECLARED_SELECTOR = YES;
				GCC_WARN_UNINITIALIZED_AUTOS = YES_AGGRESSIVE;
				GCC_WARN_UNUSED_FUNCTION = YES;
				GCC_WARN_UNUSED_VARIABLE = YES;
				IPHONEOS_DEPLOYMENT_TARGET = 15.2;
				MTL_ENABLE_DEBUG_INFO = NO;
				MTL_FAST_MATH = YES;
				SDKROOT = iphoneos;
				SWIFT_COMPILATION_MODE = wholemodule;
				SWIFT_OPTIMIZATION_LEVEL = "-O";
				VALIDATE_PRODUCT = YES;
			};
			name = Release;
		};
		241CB5A72860F0C000D306E3 /* Debug */ = {
			isa = XCBuildConfiguration;
			baseConfigurationReference = E73890C636A531D859D4730F /* Pods-MarvelList.debug.xcconfig */;
			buildSettings = {
				ASSETCATALOG_COMPILER_APPICON_NAME = AppIcon;
				ASSETCATALOG_COMPILER_GLOBAL_ACCENT_COLOR_NAME = AccentColor;
				CODE_SIGN_STYLE = Automatic;
				CURRENT_PROJECT_VERSION = 1;
				DEVELOPMENT_TEAM = S89RL4424Q;
				GENERATE_INFOPLIST_FILE = YES;
				INFOPLIST_FILE = MarvelList/Info.plist;
				INFOPLIST_KEY_UIApplicationSupportsIndirectInputEvents = YES;
				INFOPLIST_KEY_UILaunchStoryboardName = LaunchScreen;
				INFOPLIST_KEY_UIMainStoryboardFile = Main;
				INFOPLIST_KEY_UISupportedInterfaceOrientations_iPad = "UIInterfaceOrientationPortrait UIInterfaceOrientationPortraitUpsideDown UIInterfaceOrientationLandscapeLeft UIInterfaceOrientationLandscapeRight";
				INFOPLIST_KEY_UISupportedInterfaceOrientations_iPhone = "UIInterfaceOrientationPortrait UIInterfaceOrientationLandscapeLeft UIInterfaceOrientationLandscapeRight";
				LD_RUNPATH_SEARCH_PATHS = (
					"$(inherited)",
					"@executable_path/Frameworks",
				);
				MARKETING_VERSION = 1.0;
				PRODUCT_BUNDLE_IDENTIFIER = com.jmartinez.MarvelList;
				PRODUCT_NAME = "$(TARGET_NAME)";
				SWIFT_EMIT_LOC_STRINGS = YES;
				SWIFT_VERSION = 5.0;
				TARGETED_DEVICE_FAMILY = "1,2";
			};
			name = Debug;
		};
		241CB5A82860F0C000D306E3 /* Release */ = {
			isa = XCBuildConfiguration;
			baseConfigurationReference = 14A37EA27C3630161835A5A5 /* Pods-MarvelList.release.xcconfig */;
			buildSettings = {
				ASSETCATALOG_COMPILER_APPICON_NAME = AppIcon;
				ASSETCATALOG_COMPILER_GLOBAL_ACCENT_COLOR_NAME = AccentColor;
				CODE_SIGN_STYLE = Automatic;
				CURRENT_PROJECT_VERSION = 1;
				DEVELOPMENT_TEAM = S89RL4424Q;
				GENERATE_INFOPLIST_FILE = YES;
				INFOPLIST_FILE = MarvelList/Info.plist;
				INFOPLIST_KEY_UIApplicationSupportsIndirectInputEvents = YES;
				INFOPLIST_KEY_UILaunchStoryboardName = LaunchScreen;
				INFOPLIST_KEY_UIMainStoryboardFile = Main;
				INFOPLIST_KEY_UISupportedInterfaceOrientations_iPad = "UIInterfaceOrientationPortrait UIInterfaceOrientationPortraitUpsideDown UIInterfaceOrientationLandscapeLeft UIInterfaceOrientationLandscapeRight";
				INFOPLIST_KEY_UISupportedInterfaceOrientations_iPhone = "UIInterfaceOrientationPortrait UIInterfaceOrientationLandscapeLeft UIInterfaceOrientationLandscapeRight";
				LD_RUNPATH_SEARCH_PATHS = (
					"$(inherited)",
					"@executable_path/Frameworks",
				);
				MARKETING_VERSION = 1.0;
				PRODUCT_BUNDLE_IDENTIFIER = com.jmartinez.MarvelList;
				PRODUCT_NAME = "$(TARGET_NAME)";
				SWIFT_EMIT_LOC_STRINGS = YES;
				SWIFT_VERSION = 5.0;
				TARGETED_DEVICE_FAMILY = "1,2";
			};
			name = Release;
		};
		241CB5AA2860F0C000D306E3 /* Debug */ = {
			isa = XCBuildConfiguration;
			baseConfigurationReference = 20C544449ED17D78D1B89DC5 /* Pods-MarvelListTests.debug.xcconfig */;
			buildSettings = {
				ALWAYS_EMBED_SWIFT_STANDARD_LIBRARIES = YES;
				BUNDLE_LOADER = "$(TEST_HOST)";
				CODE_SIGN_STYLE = Automatic;
				CURRENT_PROJECT_VERSION = 1;
				DEVELOPMENT_TEAM = S89RL4424Q;
				GENERATE_INFOPLIST_FILE = YES;
				IPHONEOS_DEPLOYMENT_TARGET = 15.2;
				MARKETING_VERSION = 1.0;
				PRODUCT_BUNDLE_IDENTIFIER = com.jmartinez.MarvelListTests;
				PRODUCT_NAME = "$(TARGET_NAME)";
				SWIFT_EMIT_LOC_STRINGS = NO;
				SWIFT_VERSION = 5.0;
				TARGETED_DEVICE_FAMILY = "1,2";
				TEST_HOST = "$(BUILT_PRODUCTS_DIR)/MarvelList.app/MarvelList";
			};
			name = Debug;
		};
		241CB5AB2860F0C000D306E3 /* Release */ = {
			isa = XCBuildConfiguration;
			baseConfigurationReference = F6BB56416CD06C19BF9C5A20 /* Pods-MarvelListTests.release.xcconfig */;
			buildSettings = {
				ALWAYS_EMBED_SWIFT_STANDARD_LIBRARIES = YES;
				BUNDLE_LOADER = "$(TEST_HOST)";
				CODE_SIGN_STYLE = Automatic;
				CURRENT_PROJECT_VERSION = 1;
				DEVELOPMENT_TEAM = S89RL4424Q;
				GENERATE_INFOPLIST_FILE = YES;
				IPHONEOS_DEPLOYMENT_TARGET = 15.2;
				MARKETING_VERSION = 1.0;
				PRODUCT_BUNDLE_IDENTIFIER = com.jmartinez.MarvelListTests;
				PRODUCT_NAME = "$(TARGET_NAME)";
				SWIFT_EMIT_LOC_STRINGS = NO;
				SWIFT_VERSION = 5.0;
				TARGETED_DEVICE_FAMILY = "1,2";
				TEST_HOST = "$(BUILT_PRODUCTS_DIR)/MarvelList.app/MarvelList";
			};
			name = Release;
		};
		241CB5AD2860F0C000D306E3 /* Debug */ = {
			isa = XCBuildConfiguration;
			baseConfigurationReference = 2726472C3C20C521F4E997E4 /* Pods-MarvelList-MarvelListUITests.debug.xcconfig */;
			buildSettings = {
				ALWAYS_EMBED_SWIFT_STANDARD_LIBRARIES = YES;
				CODE_SIGN_STYLE = Automatic;
				CURRENT_PROJECT_VERSION = 1;
				DEVELOPMENT_TEAM = S89RL4424Q;
				GENERATE_INFOPLIST_FILE = YES;
				MARKETING_VERSION = 1.0;
				PRODUCT_BUNDLE_IDENTIFIER = com.jmartinez.MarvelListUITests;
				PRODUCT_NAME = "$(TARGET_NAME)";
				SWIFT_EMIT_LOC_STRINGS = NO;
				SWIFT_VERSION = 5.0;
				TARGETED_DEVICE_FAMILY = "1,2";
				TEST_TARGET_NAME = MarvelList;
			};
			name = Debug;
		};
		241CB5AE2860F0C000D306E3 /* Release */ = {
			isa = XCBuildConfiguration;
			baseConfigurationReference = ABE1813F46724569A9D2CE46 /* Pods-MarvelList-MarvelListUITests.release.xcconfig */;
			buildSettings = {
				ALWAYS_EMBED_SWIFT_STANDARD_LIBRARIES = YES;
				CODE_SIGN_STYLE = Automatic;
				CURRENT_PROJECT_VERSION = 1;
				DEVELOPMENT_TEAM = S89RL4424Q;
				GENERATE_INFOPLIST_FILE = YES;
				MARKETING_VERSION = 1.0;
				PRODUCT_BUNDLE_IDENTIFIER = com.jmartinez.MarvelListUITests;
				PRODUCT_NAME = "$(TARGET_NAME)";
				SWIFT_EMIT_LOC_STRINGS = NO;
				SWIFT_VERSION = 5.0;
				TARGETED_DEVICE_FAMILY = "1,2";
				TEST_TARGET_NAME = MarvelList;
			};
			name = Release;
		};
/* End XCBuildConfiguration section */

/* Begin XCConfigurationList section */
		241CB5772860F0BF00D306E3 /* Build configuration list for PBXProject "MarvelList" */ = {
			isa = XCConfigurationList;
			buildConfigurations = (
				241CB5A42860F0C000D306E3 /* Debug */,
				241CB5A52860F0C000D306E3 /* Release */,
			);
			defaultConfigurationIsVisible = 0;
			defaultConfigurationName = Release;
		};
		241CB5A62860F0C000D306E3 /* Build configuration list for PBXNativeTarget "MarvelList" */ = {
			isa = XCConfigurationList;
			buildConfigurations = (
				241CB5A72860F0C000D306E3 /* Debug */,
				241CB5A82860F0C000D306E3 /* Release */,
			);
			defaultConfigurationIsVisible = 0;
			defaultConfigurationName = Release;
		};
		241CB5A92860F0C000D306E3 /* Build configuration list for PBXNativeTarget "MarvelListTests" */ = {
			isa = XCConfigurationList;
			buildConfigurations = (
				241CB5AA2860F0C000D306E3 /* Debug */,
				241CB5AB2860F0C000D306E3 /* Release */,
			);
			defaultConfigurationIsVisible = 0;
			defaultConfigurationName = Release;
		};
		241CB5AC2860F0C000D306E3 /* Build configuration list for PBXNativeTarget "MarvelListUITests" */ = {
			isa = XCConfigurationList;
			buildConfigurations = (
				241CB5AD2860F0C000D306E3 /* Debug */,
				241CB5AE2860F0C000D306E3 /* Release */,
			);
			defaultConfigurationIsVisible = 0;
			defaultConfigurationName = Release;
		};
/* End XCConfigurationList section */
	};
	rootObject = 241CB5742860F0BF00D306E3 /* Project object */;
}
